// !$*UTF8*$!
{
	archiveVersion = 1;
	classes = {
	};
	objectVersion = 55;
	objects = {

/* Begin PBXBuildFile section */
		421D160928BDFE1B00774945 /* PublicCoinApp.swift in Sources */ = {isa = PBXBuildFile; fileRef = 421D160828BDFE1B00774945 /* PublicCoinApp.swift */; };
		421D160B28BDFE1B00774945 /* ContentView.swift in Sources */ = {isa = PBXBuildFile; fileRef = 421D160A28BDFE1B00774945 /* ContentView.swift */; };
		421D160D28BDFE1D00774945 /* Assets.xcassets in Resources */ = {isa = PBXBuildFile; fileRef = 421D160C28BDFE1D00774945 /* Assets.xcassets */; };
		421D161028BDFE1D00774945 /* Preview Assets.xcassets in Resources */ = {isa = PBXBuildFile; fileRef = 421D160F28BDFE1D00774945 /* Preview Assets.xcassets */; };
		421D161728BDFF2400774945 /* Color.swift in Sources */ = {isa = PBXBuildFile; fileRef = 421D161628BDFF2400774945 /* Color.swift */; };
		421F94FA28C1A65800CDD207 /* WebUIView.swift in Sources */ = {isa = PBXBuildFile; fileRef = 421F94F928C1A65800CDD207 /* WebUIView.swift */; };
		421F94FE28C1AC0300CDD207 /* WebSiteView.swift in Sources */ = {isa = PBXBuildFile; fileRef = 421F94FD28C1AC0300CDD207 /* WebSiteView.swift */; };
		421F950128C1B0BD00CDD207 /* SignInView.swift in Sources */ = {isa = PBXBuildFile; fileRef = 421F950028C1B0BD00CDD207 /* SignInView.swift */; };
		421F950328C1B2A100CDD207 /* CustomInputField.swift in Sources */ = {isa = PBXBuildFile; fileRef = 421F950228C1B2A100CDD207 /* CustomInputField.swift */; };
		421F950528C1CC3A00CDD207 /* RegisterView.swift in Sources */ = {isa = PBXBuildFile; fileRef = 421F950428C1CC3A00CDD207 /* RegisterView.swift */; };
		421F950728C1D05400CDD207 /* GoogleService-Info.plist in Resources */ = {isa = PBXBuildFile; fileRef = 421F950628C1D05400CDD207 /* GoogleService-Info.plist */; };
		421F950A28C1E11200CDD207 /* FirebaseAuth in Frameworks */ = {isa = PBXBuildFile; productRef = 421F950928C1E11200CDD207 /* FirebaseAuth */; };
		421F950C28C1E11200CDD207 /* FirebaseFirestoreSwift in Frameworks */ = {isa = PBXBuildFile; productRef = 421F950B28C1E11200CDD207 /* FirebaseFirestoreSwift */; };
		425E640C28C0672300D20574 /* CoinRow.swift in Sources */ = {isa = PBXBuildFile; fileRef = 425E640B28C0672300D20574 /* CoinRow.swift */; };
		425E640E28C0697C00D20574 /* CoinResponse.swift in Sources */ = {isa = PBXBuildFile; fileRef = 425E640D28C0697C00D20574 /* CoinResponse.swift */; };
		425E641028C06BE500D20574 /* CoinService.swift in Sources */ = {isa = PBXBuildFile; fileRef = 425E640F28C06BE500D20574 /* CoinService.swift */; };
		425E641228C0701600D20574 /* Double.swift in Sources */ = {isa = PBXBuildFile; fileRef = 425E641128C0701600D20574 /* Double.swift */; };
		425E641428C0809100D20574 /* CoinImageService.swift in Sources */ = {isa = PBXBuildFile; fileRef = 425E641328C0809100D20574 /* CoinImageService.swift */; };
		425E641628C0854900D20574 /* CoinImageView.swift in Sources */ = {isa = PBXBuildFile; fileRef = 425E641528C0854900D20574 /* CoinImageView.swift */; };
		425E641828C0865E00D20574 /* CoinImageViewModel.swift in Sources */ = {isa = PBXBuildFile; fileRef = 425E641728C0865E00D20574 /* CoinImageViewModel.swift */; };
		425E641A28C087D100D20574 /* ImageFileManager.swift in Sources */ = {isa = PBXBuildFile; fileRef = 425E641928C087D100D20574 /* ImageFileManager.swift */; };
		425E642028C0929000D20574 /* CoinViewModel.swift in Sources */ = {isa = PBXBuildFile; fileRef = 425E641F28C0929000D20574 /* CoinViewModel.swift */; };
		4273F71928C2E430008CAF93 /* AuthViewModel.swift in Sources */ = {isa = PBXBuildFile; fileRef = 4273F71828C2E430008CAF93 /* AuthViewModel.swift */; };
		4273F71D28C34829008CAF93 /* AuthTestView.swift in Sources */ = {isa = PBXBuildFile; fileRef = 4273F71C28C34829008CAF93 /* AuthTestView.swift */; };
		42CA977A28BF0A4C00351D7F /* Response.swift in Sources */ = {isa = PBXBuildFile; fileRef = 42CA977928BF0A4C00351D7F /* Response.swift */; };
		42CA977C28BF0B2500351D7F /* NewsService.swift in Sources */ = {isa = PBXBuildFile; fileRef = 42CA977B28BF0B2500351D7F /* NewsService.swift */; };
		42CA977E28BF0DE100351D7F /* NewsViewModel.swift in Sources */ = {isa = PBXBuildFile; fileRef = 42CA977D28BF0DE100351D7F /* NewsViewModel.swift */; };
		42CA978028BF0EBD00351D7F /* NewsRow.swift in Sources */ = {isa = PBXBuildFile; fileRef = 42CA977F28BF0EBD00351D7F /* NewsRow.swift */; };
		42CA978228BF0F0700351D7F /* PreviewProvider.swift in Sources */ = {isa = PBXBuildFile; fileRef = 42CA978128BF0F0700351D7F /* PreviewProvider.swift */; };
		42CA978428BF10E000351D7F /* ImageService.swift in Sources */ = {isa = PBXBuildFile; fileRef = 42CA978328BF10E000351D7F /* ImageService.swift */; };
		42CA978628BF177B00351D7F /* ImageCacheManager.swift in Sources */ = {isa = PBXBuildFile; fileRef = 42CA978528BF177B00351D7F /* ImageCacheManager.swift */; };
		42CA978828BF228300351D7F /* NewsImageViewModel.swift in Sources */ = {isa = PBXBuildFile; fileRef = 42CA978728BF228300351D7F /* NewsImageViewModel.swift */; };
		42CA978A28BF240E00351D7F /* NewsImageView.swift in Sources */ = {isa = PBXBuildFile; fileRef = 42CA978928BF240E00351D7F /* NewsImageView.swift */; };
		42CA978C28BF259900351D7F /* NewsView.swift in Sources */ = {isa = PBXBuildFile; fileRef = 42CA978B28BF259900351D7F /* NewsView.swift */; };
		42CA978E28BF3EDE00351D7F /* Check.swift in Sources */ = {isa = PBXBuildFile; fileRef = 42CA978D28BF3EDE00351D7F /* Check.swift */; };
		42CA979228BF40AC00351D7F /* CoinView.swift in Sources */ = {isa = PBXBuildFile; fileRef = 42CA979128BF40AC00351D7F /* CoinView.swift */; };
		42CA979428BF425B00351D7F /* SearchBarView.swift in Sources */ = {isa = PBXBuildFile; fileRef = 42CA979328BF425B00351D7F /* SearchBarView.swift */; };
/* End PBXBuildFile section */

/* Begin PBXFileReference section */
		421D160528BDFE1B00774945 /* PublicCoin.app */ = {isa = PBXFileReference; explicitFileType = wrapper.application; includeInIndex = 0; path = PublicCoin.app; sourceTree = BUILT_PRODUCTS_DIR; };
		421D160828BDFE1B00774945 /* PublicCoinApp.swift */ = {isa = PBXFileReference; lastKnownFileType = sourcecode.swift; path = PublicCoinApp.swift; sourceTree = "<group>"; };
		421D160A28BDFE1B00774945 /* ContentView.swift */ = {isa = PBXFileReference; lastKnownFileType = sourcecode.swift; path = ContentView.swift; sourceTree = "<group>"; };
		421D160C28BDFE1D00774945 /* Assets.xcassets */ = {isa = PBXFileReference; lastKnownFileType = folder.assetcatalog; path = Assets.xcassets; sourceTree = "<group>"; };
		421D160F28BDFE1D00774945 /* Preview Assets.xcassets */ = {isa = PBXFileReference; lastKnownFileType = folder.assetcatalog; path = "Preview Assets.xcassets"; sourceTree = "<group>"; };
		421D161628BDFF2400774945 /* Color.swift */ = {isa = PBXFileReference; lastKnownFileType = sourcecode.swift; path = Color.swift; sourceTree = "<group>"; };
		421F94F928C1A65800CDD207 /* WebUIView.swift */ = {isa = PBXFileReference; lastKnownFileType = sourcecode.swift; path = WebUIView.swift; sourceTree = "<group>"; };
		421F94FD28C1AC0300CDD207 /* WebSiteView.swift */ = {isa = PBXFileReference; lastKnownFileType = sourcecode.swift; path = WebSiteView.swift; sourceTree = "<group>"; };
		421F950028C1B0BD00CDD207 /* SignInView.swift */ = {isa = PBXFileReference; lastKnownFileType = sourcecode.swift; path = SignInView.swift; sourceTree = "<group>"; };
		421F950228C1B2A100CDD207 /* CustomInputField.swift */ = {isa = PBXFileReference; lastKnownFileType = sourcecode.swift; path = CustomInputField.swift; sourceTree = "<group>"; };
		421F950428C1CC3A00CDD207 /* RegisterView.swift */ = {isa = PBXFileReference; lastKnownFileType = sourcecode.swift; path = RegisterView.swift; sourceTree = "<group>"; };
		421F950628C1D05400CDD207 /* GoogleService-Info.plist */ = {isa = PBXFileReference; fileEncoding = 4; lastKnownFileType = text.plist.xml; path = "GoogleService-Info.plist"; sourceTree = "<group>"; };
		425E640B28C0672300D20574 /* CoinRow.swift */ = {isa = PBXFileReference; lastKnownFileType = sourcecode.swift; path = CoinRow.swift; sourceTree = "<group>"; };
		425E640D28C0697C00D20574 /* CoinResponse.swift */ = {isa = PBXFileReference; lastKnownFileType = sourcecode.swift; path = CoinResponse.swift; sourceTree = "<group>"; };
		425E640F28C06BE500D20574 /* CoinService.swift */ = {isa = PBXFileReference; lastKnownFileType = sourcecode.swift; path = CoinService.swift; sourceTree = "<group>"; };
		425E641128C0701600D20574 /* Double.swift */ = {isa = PBXFileReference; lastKnownFileType = sourcecode.swift; path = Double.swift; sourceTree = "<group>"; };
		425E641328C0809100D20574 /* CoinImageService.swift */ = {isa = PBXFileReference; lastKnownFileType = sourcecode.swift; path = CoinImageService.swift; sourceTree = "<group>"; };
		425E641528C0854900D20574 /* CoinImageView.swift */ = {isa = PBXFileReference; lastKnownFileType = sourcecode.swift; path = CoinImageView.swift; sourceTree = "<group>"; };
		425E641728C0865E00D20574 /* CoinImageViewModel.swift */ = {isa = PBXFileReference; lastKnownFileType = sourcecode.swift; path = CoinImageViewModel.swift; sourceTree = "<group>"; };
		425E641928C087D100D20574 /* ImageFileManager.swift */ = {isa = PBXFileReference; lastKnownFileType = sourcecode.swift; path = ImageFileManager.swift; sourceTree = "<group>"; };
		425E641F28C0929000D20574 /* CoinViewModel.swift */ = {isa = PBXFileReference; lastKnownFileType = sourcecode.swift; path = CoinViewModel.swift; sourceTree = "<group>"; };
		4273F71828C2E430008CAF93 /* AuthViewModel.swift */ = {isa = PBXFileReference; lastKnownFileType = sourcecode.swift; path = AuthViewModel.swift; sourceTree = "<group>"; };
		4273F71C28C34829008CAF93 /* AuthTestView.swift */ = {isa = PBXFileReference; lastKnownFileType = sourcecode.swift; path = AuthTestView.swift; sourceTree = "<group>"; };
		42CA977928BF0A4C00351D7F /* Response.swift */ = {isa = PBXFileReference; lastKnownFileType = sourcecode.swift; path = Response.swift; sourceTree = "<group>"; };
		42CA977B28BF0B2500351D7F /* NewsService.swift */ = {isa = PBXFileReference; lastKnownFileType = sourcecode.swift; path = NewsService.swift; sourceTree = "<group>"; };
		42CA977D28BF0DE100351D7F /* NewsViewModel.swift */ = {isa = PBXFileReference; lastKnownFileType = sourcecode.swift; path = NewsViewModel.swift; sourceTree = "<group>"; };
		42CA977F28BF0EBD00351D7F /* NewsRow.swift */ = {isa = PBXFileReference; lastKnownFileType = sourcecode.swift; path = NewsRow.swift; sourceTree = "<group>"; };
		42CA978128BF0F0700351D7F /* PreviewProvider.swift */ = {isa = PBXFileReference; lastKnownFileType = sourcecode.swift; path = PreviewProvider.swift; sourceTree = "<group>"; };
		42CA978328BF10E000351D7F /* ImageService.swift */ = {isa = PBXFileReference; lastKnownFileType = sourcecode.swift; path = ImageService.swift; sourceTree = "<group>"; };
		42CA978528BF177B00351D7F /* ImageCacheManager.swift */ = {isa = PBXFileReference; lastKnownFileType = sourcecode.swift; path = ImageCacheManager.swift; sourceTree = "<group>"; };
		42CA978728BF228300351D7F /* NewsImageViewModel.swift */ = {isa = PBXFileReference; lastKnownFileType = sourcecode.swift; path = NewsImageViewModel.swift; sourceTree = "<group>"; };
		42CA978928BF240E00351D7F /* NewsImageView.swift */ = {isa = PBXFileReference; lastKnownFileType = sourcecode.swift; path = NewsImageView.swift; sourceTree = "<group>"; };
		42CA978B28BF259900351D7F /* NewsView.swift */ = {isa = PBXFileReference; lastKnownFileType = sourcecode.swift; path = NewsView.swift; sourceTree = "<group>"; };
		42CA978D28BF3EDE00351D7F /* Check.swift */ = {isa = PBXFileReference; lastKnownFileType = sourcecode.swift; path = Check.swift; sourceTree = "<group>"; };
		42CA979128BF40AC00351D7F /* CoinView.swift */ = {isa = PBXFileReference; lastKnownFileType = sourcecode.swift; path = CoinView.swift; sourceTree = "<group>"; };
		42CA979328BF425B00351D7F /* SearchBarView.swift */ = {isa = PBXFileReference; lastKnownFileType = sourcecode.swift; path = SearchBarView.swift; sourceTree = "<group>"; };
/* End PBXFileReference section */

/* Begin PBXFrameworksBuildPhase section */
		421D160228BDFE1B00774945 /* Frameworks */ = {
			isa = PBXFrameworksBuildPhase;
			buildActionMask = 2147483647;
			files = (
				421F950A28C1E11200CDD207 /* FirebaseAuth in Frameworks */,
				421F950C28C1E11200CDD207 /* FirebaseFirestoreSwift in Frameworks */,
			);
			runOnlyForDeploymentPostprocessing = 0;
		};
/* End PBXFrameworksBuildPhase section */

/* Begin PBXGroup section */
		421D15FC28BDFE1B00774945 = {
			isa = PBXGroup;
			children = (
				421D160728BDFE1B00774945 /* PublicCoin */,
				421D160628BDFE1B00774945 /* Products */,
			);
			sourceTree = "<group>";
		};
		421D160628BDFE1B00774945 /* Products */ = {
			isa = PBXGroup;
			children = (
				421D160528BDFE1B00774945 /* PublicCoin.app */,
			);
			name = Products;
			sourceTree = "<group>";
		};
		421D160728BDFE1B00774945 /* PublicCoin */ = {
			isa = PBXGroup;
			children = (
				421F950628C1D05400CDD207 /* GoogleService-Info.plist */,
				421F94FF28C1B0AE00CDD207 /* SignIn */,
				425E640628C0669E00D20574 /* Extensions */,
				42CA979028BF409700351D7F /* CoinSection */,
				42CA978F28BF407F00351D7F /* NewsSection */,
				421D160828BDFE1B00774945 /* PublicCoinApp.swift */,
				421D160A28BDFE1B00774945 /* ContentView.swift */,
				421D160C28BDFE1D00774945 /* Assets.xcassets */,
				421D160E28BDFE1D00774945 /* Preview Content */,
				42CA978D28BF3EDE00351D7F /* Check.swift */,
			);
			path = PublicCoin;
			sourceTree = "<group>";
		};
		421D160E28BDFE1D00774945 /* Preview Content */ = {
			isa = PBXGroup;
			children = (
				421D160F28BDFE1D00774945 /* Preview Assets.xcassets */,
			);
			path = "Preview Content";
			sourceTree = "<group>";
		};
		421F94FF28C1B0AE00CDD207 /* SignIn */ = {
			isa = PBXGroup;
			children = (
				421F950028C1B0BD00CDD207 /* SignInView.swift */,
				421F950228C1B2A100CDD207 /* CustomInputField.swift */,
				421F950428C1CC3A00CDD207 /* RegisterView.swift */,
				4273F71828C2E430008CAF93 /* AuthViewModel.swift */,
				4273F71C28C34829008CAF93 /* AuthTestView.swift */,
			);
			path = SignIn;
			sourceTree = "<group>";
		};
		425E640628C0669E00D20574 /* Extensions */ = {
			isa = PBXGroup;
			children = (
				421D161628BDFF2400774945 /* Color.swift */,
				42CA978128BF0F0700351D7F /* PreviewProvider.swift */,
				425E641128C0701600D20574 /* Double.swift */,
			);
			path = Extensions;
			sourceTree = "<group>";
		};
		425E640728C066B700D20574 /* Service */ = {
			isa = PBXGroup;
			children = (
				42CA978528BF177B00351D7F /* ImageCacheManager.swift */,
				42CA978328BF10E000351D7F /* ImageService.swift */,
				42CA977B28BF0B2500351D7F /* NewsService.swift */,
			);
			path = Service;
			sourceTree = "<group>";
		};
		425E640828C066C800D20574 /* View */ = {
			isa = PBXGroup;
			children = (
				42CA978928BF240E00351D7F /* NewsImageView.swift */,
				42CA978B28BF259900351D7F /* NewsView.swift */,
				42CA977F28BF0EBD00351D7F /* NewsRow.swift */,
				421F94F928C1A65800CDD207 /* WebUIView.swift */,
				421F94FD28C1AC0300CDD207 /* WebSiteView.swift */,
			);
			path = View;
			sourceTree = "<group>";
		};
		425E640928C066F000D20574 /* ViewModel */ = {
			isa = PBXGroup;
			children = (
				42CA978728BF228300351D7F /* NewsImageViewModel.swift */,
				42CA977D28BF0DE100351D7F /* NewsViewModel.swift */,
			);
			path = ViewModel;
			sourceTree = "<group>";
		};
		425E640A28C066FB00D20574 /* Model */ = {
			isa = PBXGroup;
			children = (
				42CA977928BF0A4C00351D7F /* Response.swift */,
			);
			path = Model;
			sourceTree = "<group>";
		};
		425E641B28C0926000D20574 /* Model */ = {
			isa = PBXGroup;
			children = (
				425E640D28C0697C00D20574 /* CoinResponse.swift */,
			);
			path = Model;
			sourceTree = "<group>";
		};
		425E641C28C0926300D20574 /* ViewModel */ = {
			isa = PBXGroup;
			children = (
				425E641728C0865E00D20574 /* CoinImageViewModel.swift */,
				425E641F28C0929000D20574 /* CoinViewModel.swift */,
			);
			path = ViewModel;
			sourceTree = "<group>";
		};
		425E641D28C0926700D20574 /* Service */ = {
			isa = PBXGroup;
			children = (
				425E640F28C06BE500D20574 /* CoinService.swift */,
				425E641328C0809100D20574 /* CoinImageService.swift */,
				425E641928C087D100D20574 /* ImageFileManager.swift */,
			);
			path = Service;
			sourceTree = "<group>";
		};
		425E641E28C0927000D20574 /* View */ = {
			isa = PBXGroup;
			children = (
				42CA979128BF40AC00351D7F /* CoinView.swift */,
				42CA979328BF425B00351D7F /* SearchBarView.swift */,
				425E640B28C0672300D20574 /* CoinRow.swift */,
				425E641528C0854900D20574 /* CoinImageView.swift */,
			);
			path = View;
			sourceTree = "<group>";
		};
		42CA978F28BF407F00351D7F /* NewsSection */ = {
			isa = PBXGroup;
			children = (
				425E640A28C066FB00D20574 /* Model */,
				425E640928C066F000D20574 /* ViewModel */,
				425E640828C066C800D20574 /* View */,
				425E640728C066B700D20574 /* Service */,
			);
			path = NewsSection;
			sourceTree = "<group>";
		};
		42CA979028BF409700351D7F /* CoinSection */ = {
			isa = PBXGroup;
			children = (
				425E641E28C0927000D20574 /* View */,
				425E641D28C0926700D20574 /* Service */,
				425E641C28C0926300D20574 /* ViewModel */,
				425E641B28C0926000D20574 /* Model */,
			);
			path = CoinSection;
			sourceTree = "<group>";
		};
/* End PBXGroup section */

/* Begin PBXNativeTarget section */
		421D160428BDFE1B00774945 /* PublicCoin */ = {
			isa = PBXNativeTarget;
			buildConfigurationList = 421D161328BDFE1D00774945 /* Build configuration list for PBXNativeTarget "PublicCoin" */;
			buildPhases = (
				421D160128BDFE1B00774945 /* Sources */,
				421D160228BDFE1B00774945 /* Frameworks */,
				421D160328BDFE1B00774945 /* Resources */,
			);
			buildRules = (
			);
			dependencies = (
			);
			name = PublicCoin;
			packageProductDependencies = (
				421F950928C1E11200CDD207 /* FirebaseAuth */,
				421F950B28C1E11200CDD207 /* FirebaseFirestoreSwift */,
			);
			productName = PublicCoin;
			productReference = 421D160528BDFE1B00774945 /* PublicCoin.app */;
			productType = "com.apple.product-type.application";
		};
/* End PBXNativeTarget section */

/* Begin PBXProject section */
		421D15FD28BDFE1B00774945 /* Project object */ = {
			isa = PBXProject;
			attributes = {
				BuildIndependentTargetsInParallel = 1;
				LastSwiftUpdateCheck = 1340;
				LastUpgradeCheck = 1340;
				TargetAttributes = {
					421D160428BDFE1B00774945 = {
						CreatedOnToolsVersion = 13.4.1;
					};
				};
			};
			buildConfigurationList = 421D160028BDFE1B00774945 /* Build configuration list for PBXProject "PublicCoin" */;
			compatibilityVersion = "Xcode 13.0";
			developmentRegion = en;
			hasScannedForEncodings = 0;
			knownRegions = (
				en,
				Base,
			);
			mainGroup = 421D15FC28BDFE1B00774945;
			packageReferences = (
				421F950828C1E11200CDD207 /* XCRemoteSwiftPackageReference "firebase-ios-sdk" */,
			);
			productRefGroup = 421D160628BDFE1B00774945 /* Products */;
			projectDirPath = "";
			projectRoot = "";
			targets = (
				421D160428BDFE1B00774945 /* PublicCoin */,
			);
		};
/* End PBXProject section */

/* Begin PBXResourcesBuildPhase section */
		421D160328BDFE1B00774945 /* Resources */ = {
			isa = PBXResourcesBuildPhase;
			buildActionMask = 2147483647;
			files = (
				421D161028BDFE1D00774945 /* Preview Assets.xcassets in Resources */,
				421D160D28BDFE1D00774945 /* Assets.xcassets in Resources */,
				421F950728C1D05400CDD207 /* GoogleService-Info.plist in Resources */,
			);
			runOnlyForDeploymentPostprocessing = 0;
		};
/* End PBXResourcesBuildPhase section */

/* Begin PBXSourcesBuildPhase section */
		421D160128BDFE1B00774945 /* Sources */ = {
			isa = PBXSourcesBuildPhase;
			buildActionMask = 2147483647;
			files = (
				42CA979228BF40AC00351D7F /* CoinView.swift in Sources */,
				42CA978E28BF3EDE00351D7F /* Check.swift in Sources */,
				42CA977C28BF0B2500351D7F /* NewsService.swift in Sources */,
				42CA978828BF228300351D7F /* NewsImageViewModel.swift in Sources */,
				42CA979428BF425B00351D7F /* SearchBarView.swift in Sources */,
				425E642028C0929000D20574 /* CoinViewModel.swift in Sources */,
				42CA977E28BF0DE100351D7F /* NewsViewModel.swift in Sources */,
				42CA978628BF177B00351D7F /* ImageCacheManager.swift in Sources */,
				425E641A28C087D100D20574 /* ImageFileManager.swift in Sources */,
				42CA978428BF10E000351D7F /* ImageService.swift in Sources */,
				42CA978A28BF240E00351D7F /* NewsImageView.swift in Sources */,
				42CA977A28BF0A4C00351D7F /* Response.swift in Sources */,
				425E641028C06BE500D20574 /* CoinService.swift in Sources */,
				42CA978C28BF259900351D7F /* NewsView.swift in Sources */,
				425E641828C0865E00D20574 /* CoinImageViewModel.swift in Sources */,
				421D160B28BDFE1B00774945 /* ContentView.swift in Sources */,
				425E640C28C0672300D20574 /* CoinRow.swift in Sources */,
				421D160928BDFE1B00774945 /* PublicCoinApp.swift in Sources */,
				425E641628C0854900D20574 /* CoinImageView.swift in Sources */,
				42CA978228BF0F0700351D7F /* PreviewProvider.swift in Sources */,
				425E640E28C0697C00D20574 /* CoinResponse.swift in Sources */,
				421F950528C1CC3A00CDD207 /* RegisterView.swift in Sources */,
				421F94FE28C1AC0300CDD207 /* WebSiteView.swift in Sources */,
				421F950128C1B0BD00CDD207 /* SignInView.swift in Sources */,
				42CA978028BF0EBD00351D7F /* NewsRow.swift in Sources */,
				425E641228C0701600D20574 /* Double.swift in Sources */,
				4273F71D28C34829008CAF93 /* AuthTestView.swift in Sources */,
				4273F71928C2E430008CAF93 /* AuthViewModel.swift in Sources */,
				421F950328C1B2A100CDD207 /* CustomInputField.swift in Sources */,
				425E641428C0809100D20574 /* CoinImageService.swift in Sources */,
				421D161728BDFF2400774945 /* Color.swift in Sources */,
				421F94FA28C1A65800CDD207 /* WebUIView.swift in Sources */,
			);
			runOnlyForDeploymentPostprocessing = 0;
		};
/* End PBXSourcesBuildPhase section */

/* Begin XCBuildConfiguration section */
		421D161128BDFE1D00774945 /* Debug */ = {
			isa = XCBuildConfiguration;
			buildSettings = {
				ALWAYS_SEARCH_USER_PATHS = NO;
				CLANG_ANALYZER_NONNULL = YES;
				CLANG_ANALYZER_NUMBER_OBJECT_CONVERSION = YES_AGGRESSIVE;
				CLANG_CXX_LANGUAGE_STANDARD = "gnu++17";
				CLANG_ENABLE_MODULES = YES;
				CLANG_ENABLE_OBJC_ARC = YES;
				CLANG_ENABLE_OBJC_WEAK = YES;
				CLANG_WARN_BLOCK_CAPTURE_AUTORELEASING = YES;
				CLANG_WARN_BOOL_CONVERSION = YES;
				CLANG_WARN_COMMA = YES;
				CLANG_WARN_CONSTANT_CONVERSION = YES;
				CLANG_WARN_DEPRECATED_OBJC_IMPLEMENTATIONS = YES;
				CLANG_WARN_DIRECT_OBJC_ISA_USAGE = YES_ERROR;
				CLANG_WARN_DOCUMENTATION_COMMENTS = YES;
				CLANG_WARN_EMPTY_BODY = YES;
				CLANG_WARN_ENUM_CONVERSION = YES;
				CLANG_WARN_INFINITE_RECURSION = YES;
				CLANG_WARN_INT_CONVERSION = YES;
				CLANG_WARN_NON_LITERAL_NULL_CONVERSION = YES;
				CLANG_WARN_OBJC_IMPLICIT_RETAIN_SELF = YES;
				CLANG_WARN_OBJC_LITERAL_CONVERSION = YES;
				CLANG_WARN_OBJC_ROOT_CLASS = YES_ERROR;
				CLANG_WARN_QUOTED_INCLUDE_IN_FRAMEWORK_HEADER = YES;
				CLANG_WARN_RANGE_LOOP_ANALYSIS = YES;
				CLANG_WARN_STRICT_PROTOTYPES = YES;
				CLANG_WARN_SUSPICIOUS_MOVE = YES;
				CLANG_WARN_UNGUARDED_AVAILABILITY = YES_AGGRESSIVE;
				CLANG_WARN_UNREACHABLE_CODE = YES;
				CLANG_WARN__DUPLICATE_METHOD_MATCH = YES;
				COPY_PHASE_STRIP = NO;
				DEBUG_INFORMATION_FORMAT = dwarf;
				ENABLE_STRICT_OBJC_MSGSEND = YES;
				ENABLE_TESTABILITY = YES;
				GCC_C_LANGUAGE_STANDARD = gnu11;
				GCC_DYNAMIC_NO_PIC = NO;
				GCC_NO_COMMON_BLOCKS = YES;
				GCC_OPTIMIZATION_LEVEL = 0;
				GCC_PREPROCESSOR_DEFINITIONS = (
					"DEBUG=1",
					"$(inherited)",
				);
				GCC_WARN_64_TO_32_BIT_CONVERSION = YES;
				GCC_WARN_ABOUT_RETURN_TYPE = YES_ERROR;
				GCC_WARN_UNDECLARED_SELECTOR = YES;
				GCC_WARN_UNINITIALIZED_AUTOS = YES_AGGRESSIVE;
				GCC_WARN_UNUSED_FUNCTION = YES;
				GCC_WARN_UNUSED_VARIABLE = YES;
				IPHONEOS_DEPLOYMENT_TARGET = 15.5;
				MTL_ENABLE_DEBUG_INFO = INCLUDE_SOURCE;
				MTL_FAST_MATH = YES;
				ONLY_ACTIVE_ARCH = YES;
				SDKROOT = iphoneos;
				SWIFT_ACTIVE_COMPILATION_CONDITIONS = DEBUG;
				SWIFT_OPTIMIZATION_LEVEL = "-Onone";
			};
			name = Debug;
		};
		421D161228BDFE1D00774945 /* Release */ = {
			isa = XCBuildConfiguration;
			buildSettings = {
				ALWAYS_SEARCH_USER_PATHS = NO;
				CLANG_ANALYZER_NONNULL = YES;
				CLANG_ANALYZER_NUMBER_OBJECT_CONVERSION = YES_AGGRESSIVE;
				CLANG_CXX_LANGUAGE_STANDARD = "gnu++17";
				CLANG_ENABLE_MODULES = YES;
				CLANG_ENABLE_OBJC_ARC = YES;
				CLANG_ENABLE_OBJC_WEAK = YES;
				CLANG_WARN_BLOCK_CAPTURE_AUTORELEASING = YES;
				CLANG_WARN_BOOL_CONVERSION = YES;
				CLANG_WARN_COMMA = YES;
				CLANG_WARN_CONSTANT_CONVERSION = YES;
				CLANG_WARN_DEPRECATED_OBJC_IMPLEMENTATIONS = YES;
				CLANG_WARN_DIRECT_OBJC_ISA_USAGE = YES_ERROR;
				CLANG_WARN_DOCUMENTATION_COMMENTS = YES;
				CLANG_WARN_EMPTY_BODY = YES;
				CLANG_WARN_ENUM_CONVERSION = YES;
				CLANG_WARN_INFINITE_RECURSION = YES;
				CLANG_WARN_INT_CONVERSION = YES;
				CLANG_WARN_NON_LITERAL_NULL_CONVERSION = YES;
				CLANG_WARN_OBJC_IMPLICIT_RETAIN_SELF = YES;
				CLANG_WARN_OBJC_LITERAL_CONVERSION = YES;
				CLANG_WARN_OBJC_ROOT_CLASS = YES_ERROR;
				CLANG_WARN_QUOTED_INCLUDE_IN_FRAMEWORK_HEADER = YES;
				CLANG_WARN_RANGE_LOOP_ANALYSIS = YES;
				CLANG_WARN_STRICT_PROTOTYPES = YES;
				CLANG_WARN_SUSPICIOUS_MOVE = YES;
				CLANG_WARN_UNGUARDED_AVAILABILITY = YES_AGGRESSIVE;
				CLANG_WARN_UNREACHABLE_CODE = YES;
				CLANG_WARN__DUPLICATE_METHOD_MATCH = YES;
				COPY_PHASE_STRIP = NO;
				DEBUG_INFORMATION_FORMAT = "dwarf-with-dsym";
				ENABLE_NS_ASSERTIONS = NO;
				ENABLE_STRICT_OBJC_MSGSEND = YES;
				GCC_C_LANGUAGE_STANDARD = gnu11;
				GCC_NO_COMMON_BLOCKS = YES;
				GCC_WARN_64_TO_32_BIT_CONVERSION = YES;
				GCC_WARN_ABOUT_RETURN_TYPE = YES_ERROR;
				GCC_WARN_UNDECLARED_SELECTOR = YES;
				GCC_WARN_UNINITIALIZED_AUTOS = YES_AGGRESSIVE;
				GCC_WARN_UNUSED_FUNCTION = YES;
				GCC_WARN_UNUSED_VARIABLE = YES;
				IPHONEOS_DEPLOYMENT_TARGET = 15.5;
				MTL_ENABLE_DEBUG_INFO = NO;
				MTL_FAST_MATH = YES;
				SDKROOT = iphoneos;
				SWIFT_COMPILATION_MODE = wholemodule;
				SWIFT_OPTIMIZATION_LEVEL = "-O";
				VALIDATE_PRODUCT = YES;
			};
			name = Release;
		};
		421D161428BDFE1D00774945 /* Debug */ = {
			isa = XCBuildConfiguration;
			buildSettings = {
				ASSETCATALOG_COMPILER_APPICON_NAME = AppIcon;
				ASSETCATALOG_COMPILER_GLOBAL_ACCENT_COLOR_NAME = AccentColor;
				CODE_SIGN_STYLE = Automatic;
				CURRENT_PROJECT_VERSION = 1;
				DEVELOPMENT_ASSET_PATHS = "\"PublicCoin/Preview Content\"";
				DEVELOPMENT_TEAM = XLS842JFZV;
				ENABLE_PREVIEWS = YES;
				GENERATE_INFOPLIST_FILE = YES;
				INFOPLIST_KEY_UIApplicationSceneManifest_Generation = YES;
				INFOPLIST_KEY_UIApplicationSupportsIndirectInputEvents = YES;
				INFOPLIST_KEY_UILaunchScreen_Generation = YES;
				INFOPLIST_KEY_UISupportedInterfaceOrientations_iPad = "UIInterfaceOrientationPortrait UIInterfaceOrientationPortraitUpsideDown UIInterfaceOrientationLandscapeLeft UIInterfaceOrientationLandscapeRight";
				INFOPLIST_KEY_UISupportedInterfaceOrientations_iPhone = "UIInterfaceOrientationPortrait UIInterfaceOrientationLandscapeLeft UIInterfaceOrientationLandscapeRight";
				LD_RUNPATH_SEARCH_PATHS = (
					"$(inherited)",
					"@executable_path/Frameworks",
				);
				MARKETING_VERSION = 1.0;
				PRODUCT_BUNDLE_IDENTIFIER = "Mr.-Beast.PublicCoin";
				PRODUCT_NAME = "$(TARGET_NAME)";
				SWIFT_EMIT_LOC_STRINGS = YES;
				SWIFT_VERSION = 5.0;
				TARGETED_DEVICE_FAMILY = "1,2";
			};
			name = Debug;
		};
		421D161528BDFE1D00774945 /* Release */ = {
			isa = XCBuildConfiguration;
			buildSettings = {
				ASSETCATALOG_COMPILER_APPICON_NAME = AppIcon;
				ASSETCATALOG_COMPILER_GLOBAL_ACCENT_COLOR_NAME = AccentColor;
				CODE_SIGN_STYLE = Automatic;
				CURRENT_PROJECT_VERSION = 1;
				DEVELOPMENT_ASSET_PATHS = "\"PublicCoin/Preview Content\"";
				DEVELOPMENT_TEAM = XLS842JFZV;
				ENABLE_PREVIEWS = YES;
				GENERATE_INFOPLIST_FILE = YES;
				INFOPLIST_KEY_UIApplicationSceneManifest_Generation = YES;
				INFOPLIST_KEY_UIApplicationSupportsIndirectInputEvents = YES;
				INFOPLIST_KEY_UILaunchScreen_Generation = YES;
				INFOPLIST_KEY_UISupportedInterfaceOrientations_iPad = "UIInterfaceOrientationPortrait UIInterfaceOrientationPortraitUpsideDown UIInterfaceOrientationLandscapeLeft UIInterfaceOrientationLandscapeRight";
				INFOPLIST_KEY_UISupportedInterfaceOrientations_iPhone = "UIInterfaceOrientationPortrait UIInterfaceOrientationLandscapeLeft UIInterfaceOrientationLandscapeRight";
				LD_RUNPATH_SEARCH_PATHS = (
					"$(inherited)",
					"@executable_path/Frameworks",
				);
				MARKETING_VERSION = 1.0;
				PRODUCT_BUNDLE_IDENTIFIER = "Mr.-Beast.PublicCoin";
				PRODUCT_NAME = "$(TARGET_NAME)";
				SWIFT_EMIT_LOC_STRINGS = YES;
				SWIFT_VERSION = 5.0;
				TARGETED_DEVICE_FAMILY = "1,2";
			};
			name = Release;
		};
/* End XCBuildConfiguration section */

/* Begin XCConfigurationList section */
		421D160028BDFE1B00774945 /* Build configuration list for PBXProject "PublicCoin" */ = {
			isa = XCConfigurationList;
			buildConfigurations = (
				421D161128BDFE1D00774945 /* Debug */,
				421D161228BDFE1D00774945 /* Release */,
			);
			defaultConfigurationIsVisible = 0;
			defaultConfigurationName = Release;
		};
		421D161328BDFE1D00774945 /* Build configuration list for PBXNativeTarget "PublicCoin" */ = {
			isa = XCConfigurationList;
			buildConfigurations = (
				421D161428BDFE1D00774945 /* Debug */,
				421D161528BDFE1D00774945 /* Release */,
			);
			defaultConfigurationIsVisible = 0;
			defaultConfigurationName = Release;
		};
/* End XCConfigurationList section */

/* Begin XCRemoteSwiftPackageReference section */
		421F950828C1E11200CDD207 /* XCRemoteSwiftPackageReference "firebase-ios-sdk" */ = {
			isa = XCRemoteSwiftPackageReference;
			repositoryURL = "https://github.com/firebase/firebase-ios-sdk.git";
			requirement = {
				branch = master;
				kind = branch;
			};
		};
/* End XCRemoteSwiftPackageReference section */

/* Begin XCSwiftPackageProductDependency section */
		421F950928C1E11200CDD207 /* FirebaseAuth */ = {
			isa = XCSwiftPackageProductDependency;
			package = 421F950828C1E11200CDD207 /* XCRemoteSwiftPackageReference "firebase-ios-sdk" */;
			productName = FirebaseAuth;
		};
		421F950B28C1E11200CDD207 /* FirebaseFirestoreSwift */ = {
			isa = XCSwiftPackageProductDependency;
			package = 421F950828C1E11200CDD207 /* XCRemoteSwiftPackageReference "firebase-ios-sdk" */;
			productName = FirebaseFirestoreSwift;
		};
/* End XCSwiftPackageProductDependency section */
	};
	rootObject = 421D15FD28BDFE1B00774945 /* Project object */;
}
